// !$*UTF8*$!
{
	archiveVersion = 1;
	classes = {
	};
	objectVersion = 56;
	objects = {

/* Begin PBXBuildFile section */
		C44D45DF2C1C07F900370B8F /* PuebaPlantillaViewUI.swift in Sources */ = {isa = PBXBuildFile; fileRef = C44D45D72C1C07F900370B8F /* PuebaPlantillaViewUI.swift */; };
		C44D45E02C1C07F900370B8F /* PuebaPlantillaPresenter.swift in Sources */ = {isa = PBXBuildFile; fileRef = C44D45D82C1C07F900370B8F /* PuebaPlantillaPresenter.swift */; };
		C44D45E12C1C07F900370B8F /* PuebaPlantillaRouter.swift in Sources */ = {isa = PBXBuildFile; fileRef = C44D45D92C1C07F900370B8F /* PuebaPlantillaRouter.swift */; };
		C44D45E22C1C07F900370B8F /* PuebaPlantillaProtocols.swift in Sources */ = {isa = PBXBuildFile; fileRef = C44D45DA2C1C07F900370B8F /* PuebaPlantillaProtocols.swift */; };
		C44D45E32C1C07F900370B8F /* PuebaPlantillaMain.swift in Sources */ = {isa = PBXBuildFile; fileRef = C44D45DB2C1C07F900370B8F /* PuebaPlantillaMain.swift */; };
		C44D45E42C1C07F900370B8F /* PuebaPlantillaInteractor.swift in Sources */ = {isa = PBXBuildFile; fileRef = C44D45DC2C1C07F900370B8F /* PuebaPlantillaInteractor.swift */; };
		C44D45E52C1C07F900370B8F /* PuebaPlantillaView.swift in Sources */ = {isa = PBXBuildFile; fileRef = C44D45DD2C1C07F900370B8F /* PuebaPlantillaView.swift */; };
		C44D45E62C1C07F900370B8F /* PuebaPlantillaEntity.swift in Sources */ = {isa = PBXBuildFile; fileRef = C44D45DE2C1C07F900370B8F /* PuebaPlantillaEntity.swift */; };
		C44D45F12C1F7CEE00370B8F /* SavedDataViewViewUI.swift in Sources */ = {isa = PBXBuildFile; fileRef = C44D45E92C1F7CEE00370B8F /* SavedDataViewViewUI.swift */; };
		C44D45F22C1F7CEE00370B8F /* SavedDataViewPresenter.swift in Sources */ = {isa = PBXBuildFile; fileRef = C44D45EA2C1F7CEE00370B8F /* SavedDataViewPresenter.swift */; };
		C44D45F32C1F7CEE00370B8F /* SavedDataViewRouter.swift in Sources */ = {isa = PBXBuildFile; fileRef = C44D45EB2C1F7CEE00370B8F /* SavedDataViewRouter.swift */; };
		C44D45F42C1F7CEE00370B8F /* SavedDataViewProtocols.swift in Sources */ = {isa = PBXBuildFile; fileRef = C44D45EC2C1F7CEE00370B8F /* SavedDataViewProtocols.swift */; };
		C44D45F52C1F7CEE00370B8F /* SavedDataViewMain.swift in Sources */ = {isa = PBXBuildFile; fileRef = C44D45ED2C1F7CEE00370B8F /* SavedDataViewMain.swift */; };
		C44D45F62C1F7CEE00370B8F /* SavedDataViewInteractor.swift in Sources */ = {isa = PBXBuildFile; fileRef = C44D45EE2C1F7CEE00370B8F /* SavedDataViewInteractor.swift */; };
		C44D45F72C1F7CEE00370B8F /* SavedDataViewView.swift in Sources */ = {isa = PBXBuildFile; fileRef = C44D45EF2C1F7CEE00370B8F /* SavedDataViewView.swift */; };
		C44D45F82C1F7CEE00370B8F /* SavedDataViewEntity.swift in Sources */ = {isa = PBXBuildFile; fileRef = C44D45F02C1F7CEE00370B8F /* SavedDataViewEntity.swift */; };
		C4BE5A8B2C1AD59C002A3E55 /* AppDelegate.swift in Sources */ = {isa = PBXBuildFile; fileRef = C4BE5A8A2C1AD59C002A3E55 /* AppDelegate.swift */; };
		C4BE5A8F2C1AD59C002A3E55 /* ViewController.swift in Sources */ = {isa = PBXBuildFile; fileRef = C4BE5A8E2C1AD59C002A3E55 /* ViewController.swift */; };
		C4BE5A942C1AD59E002A3E55 /* Assets.xcassets in Resources */ = {isa = PBXBuildFile; fileRef = C4BE5A932C1AD59E002A3E55 /* Assets.xcassets */; };
		C4BE5A972C1AD59E002A3E55 /* Base in Resources */ = {isa = PBXBuildFile; fileRef = C4BE5A962C1AD59E002A3E55 /* Base */; };
/* End PBXBuildFile section */

/* Begin PBXFileReference section */
		C44D45D72C1C07F900370B8F /* PuebaPlantillaViewUI.swift */ = {isa = PBXFileReference; lastKnownFileType = sourcecode.swift; path = PuebaPlantillaViewUI.swift; sourceTree = "<group>"; };
		C44D45D82C1C07F900370B8F /* PuebaPlantillaPresenter.swift */ = {isa = PBXFileReference; lastKnownFileType = sourcecode.swift; path = PuebaPlantillaPresenter.swift; sourceTree = "<group>"; };
		C44D45D92C1C07F900370B8F /* PuebaPlantillaRouter.swift */ = {isa = PBXFileReference; lastKnownFileType = sourcecode.swift; path = PuebaPlantillaRouter.swift; sourceTree = "<group>"; };
		C44D45DA2C1C07F900370B8F /* PuebaPlantillaProtocols.swift */ = {isa = PBXFileReference; lastKnownFileType = sourcecode.swift; path = PuebaPlantillaProtocols.swift; sourceTree = "<group>"; };
		C44D45DB2C1C07F900370B8F /* PuebaPlantillaMain.swift */ = {isa = PBXFileReference; lastKnownFileType = sourcecode.swift; path = PuebaPlantillaMain.swift; sourceTree = "<group>"; };
		C44D45DC2C1C07F900370B8F /* PuebaPlantillaInteractor.swift */ = {isa = PBXFileReference; lastKnownFileType = sourcecode.swift; path = PuebaPlantillaInteractor.swift; sourceTree = "<group>"; };
		C44D45DD2C1C07F900370B8F /* PuebaPlantillaView.swift */ = {isa = PBXFileReference; lastKnownFileType = sourcecode.swift; path = PuebaPlantillaView.swift; sourceTree = "<group>"; };
		C44D45DE2C1C07F900370B8F /* PuebaPlantillaEntity.swift */ = {isa = PBXFileReference; lastKnownFileType = sourcecode.swift; path = PuebaPlantillaEntity.swift; sourceTree = "<group>"; };
		C44D45E92C1F7CEE00370B8F /* SavedDataViewViewUI.swift */ = {isa = PBXFileReference; lastKnownFileType = sourcecode.swift; path = SavedDataViewViewUI.swift; sourceTree = "<group>"; };
		C44D45EA2C1F7CEE00370B8F /* SavedDataViewPresenter.swift */ = {isa = PBXFileReference; lastKnownFileType = sourcecode.swift; path = SavedDataViewPresenter.swift; sourceTree = "<group>"; };
		C44D45EB2C1F7CEE00370B8F /* SavedDataViewRouter.swift */ = {isa = PBXFileReference; lastKnownFileType = sourcecode.swift; path = SavedDataViewRouter.swift; sourceTree = "<group>"; };
		C44D45EC2C1F7CEE00370B8F /* SavedDataViewProtocols.swift */ = {isa = PBXFileReference; lastKnownFileType = sourcecode.swift; path = SavedDataViewProtocols.swift; sourceTree = "<group>"; };
		C44D45ED2C1F7CEE00370B8F /* SavedDataViewMain.swift */ = {isa = PBXFileReference; lastKnownFileType = sourcecode.swift; path = SavedDataViewMain.swift; sourceTree = "<group>"; };
		C44D45EE2C1F7CEE00370B8F /* SavedDataViewInteractor.swift */ = {isa = PBXFileReference; lastKnownFileType = sourcecode.swift; path = SavedDataViewInteractor.swift; sourceTree = "<group>"; };
		C44D45EF2C1F7CEE00370B8F /* SavedDataViewView.swift */ = {isa = PBXFileReference; lastKnownFileType = sourcecode.swift; path = SavedDataViewView.swift; sourceTree = "<group>"; };
		C44D45F02C1F7CEE00370B8F /* SavedDataViewEntity.swift */ = {isa = PBXFileReference; lastKnownFileType = sourcecode.swift; path = SavedDataViewEntity.swift; sourceTree = "<group>"; };
		C4BE5A872C1AD59C002A3E55 /* PruebaExamen.app */ = {isa = PBXFileReference; explicitFileType = wrapper.application; includeInIndex = 0; path = PruebaExamen.app; sourceTree = BUILT_PRODUCTS_DIR; };
		C4BE5A8A2C1AD59C002A3E55 /* AppDelegate.swift */ = {isa = PBXFileReference; lastKnownFileType = sourcecode.swift; path = AppDelegate.swift; sourceTree = "<group>"; };
		C4BE5A8E2C1AD59C002A3E55 /* ViewController.swift */ = {isa = PBXFileReference; lastKnownFileType = sourcecode.swift; path = ViewController.swift; sourceTree = "<group>"; };
		C4BE5A932C1AD59E002A3E55 /* Assets.xcassets */ = {isa = PBXFileReference; lastKnownFileType = folder.assetcatalog; path = Assets.xcassets; sourceTree = "<group>"; };
		C4BE5A962C1AD59E002A3E55 /* Base */ = {isa = PBXFileReference; lastKnownFileType = file.storyboard; name = Base; path = Base.lproj/LaunchScreen.storyboard; sourceTree = "<group>"; };
		C4BE5A982C1AD59E002A3E55 /* Info.plist */ = {isa = PBXFileReference; lastKnownFileType = text.plist.xml; path = Info.plist; sourceTree = "<group>"; };
/* End PBXFileReference section */

/* Begin PBXFrameworksBuildPhase section */
		C4BE5A842C1AD59C002A3E55 /* Frameworks */ = {
			isa = PBXFrameworksBuildPhase;
			buildActionMask = 2147483647;
			files = (
			);
			runOnlyForDeploymentPostprocessing = 0;
		};
/* End PBXFrameworksBuildPhase section */

/* Begin PBXGroup section */
		C44D45E82C1F7C9F00370B8F /* SavedData */ = {
			isa = PBXGroup;
			children = (
				C44D45E92C1F7CEE00370B8F /* SavedDataViewViewUI.swift */,
				C44D45EA2C1F7CEE00370B8F /* SavedDataViewPresenter.swift */,
				C44D45EB2C1F7CEE00370B8F /* SavedDataViewRouter.swift */,
				C44D45EC2C1F7CEE00370B8F /* SavedDataViewProtocols.swift */,
				C44D45ED2C1F7CEE00370B8F /* SavedDataViewMain.swift */,
				C44D45EE2C1F7CEE00370B8F /* SavedDataViewInteractor.swift */,
				C44D45EF2C1F7CEE00370B8F /* SavedDataViewView.swift */,
				C44D45F02C1F7CEE00370B8F /* SavedDataViewEntity.swift */,
			);
			path = SavedData;
			sourceTree = "<group>";
		};
		C4BE5A7E2C1AD59C002A3E55 = {
			isa = PBXGroup;
			children = (
				C4BE5A892C1AD59C002A3E55 /* PruebaExamen */,
				C4BE5A882C1AD59C002A3E55 /* Products */,
			);
			sourceTree = "<group>";
		};
		C4BE5A882C1AD59C002A3E55 /* Products */ = {
			isa = PBXGroup;
			children = (
				C4BE5A872C1AD59C002A3E55 /* PruebaExamen.app */,
			);
			name = Products;
			sourceTree = "<group>";
		};
		C4BE5A892C1AD59C002A3E55 /* PruebaExamen */ = {
			isa = PBXGroup;
			children = (
				C4BE5A8A2C1AD59C002A3E55 /* AppDelegate.swift */,
				C4BE5A8E2C1AD59C002A3E55 /* ViewController.swift */,
				C4BE5A9E2C1AD5D8002A3E55 /* Plantilla */,
				C44D45E82C1F7C9F00370B8F /* SavedData */,
				C4BE5A932C1AD59E002A3E55 /* Assets.xcassets */,
				C4BE5A952C1AD59E002A3E55 /* LaunchScreen.storyboard */,
				C4BE5A982C1AD59E002A3E55 /* Info.plist */,
			);
			path = PruebaExamen;
			sourceTree = "<group>";
		};
		C4BE5A9E2C1AD5D8002A3E55 /* Plantilla */ = {
			isa = PBXGroup;
			children = (
				C44D45D72C1C07F900370B8F /* PuebaPlantillaViewUI.swift */,
				C44D45D82C1C07F900370B8F /* PuebaPlantillaPresenter.swift */,
				C44D45D92C1C07F900370B8F /* PuebaPlantillaRouter.swift */,
				C44D45DA2C1C07F900370B8F /* PuebaPlantillaProtocols.swift */,
				C44D45DB2C1C07F900370B8F /* PuebaPlantillaMain.swift */,
				C44D45DC2C1C07F900370B8F /* PuebaPlantillaInteractor.swift */,
				C44D45DD2C1C07F900370B8F /* PuebaPlantillaView.swift */,
				C44D45DE2C1C07F900370B8F /* PuebaPlantillaEntity.swift */,
			);
			path = Plantilla;
			sourceTree = "<group>";
		};
/* End PBXGroup section */

/* Begin PBXNativeTarget section */
		C4BE5A862C1AD59C002A3E55 /* PruebaExamen */ = {
			isa = PBXNativeTarget;
			buildConfigurationList = C4BE5A9B2C1AD59E002A3E55 /* Build configuration list for PBXNativeTarget "PruebaExamen" */;
			buildPhases = (
				C4BE5A832C1AD59C002A3E55 /* Sources */,
				C4BE5A842C1AD59C002A3E55 /* Frameworks */,
				C4BE5A852C1AD59C002A3E55 /* Resources */,
			);
			buildRules = (
			);
			dependencies = (
			);
			name = PruebaExamen;
			productName = PruebaExamen;
			productReference = C4BE5A872C1AD59C002A3E55 /* PruebaExamen.app */;
			productType = "com.apple.product-type.application";
		};
/* End PBXNativeTarget section */

/* Begin PBXProject section */
		C4BE5A7F2C1AD59C002A3E55 /* Project object */ = {
			isa = PBXProject;
			attributes = {
				BuildIndependentTargetsInParallel = 1;
				LastSwiftUpdateCheck = 1540;
				LastUpgradeCheck = 1540;
				TargetAttributes = {
					C4BE5A862C1AD59C002A3E55 = {
						CreatedOnToolsVersion = 15.4;
					};
				};
			};
			buildConfigurationList = C4BE5A822C1AD59C002A3E55 /* Build configuration list for PBXProject "PruebaExamen" */;
			compatibilityVersion = "Xcode 14.0";
			developmentRegion = en;
			hasScannedForEncodings = 0;
			knownRegions = (
				en,
				Base,
			);
			mainGroup = C4BE5A7E2C1AD59C002A3E55;
			productRefGroup = C4BE5A882C1AD59C002A3E55 /* Products */;
			projectDirPath = "";
			projectRoot = "";
			targets = (
				C4BE5A862C1AD59C002A3E55 /* PruebaExamen */,
			);
		};
/* End PBXProject section */

/* Begin PBXResourcesBuildPhase section */
		C4BE5A852C1AD59C002A3E55 /* Resources */ = {
			isa = PBXResourcesBuildPhase;
			buildActionMask = 2147483647;
			files = (
				C4BE5A942C1AD59E002A3E55 /* Assets.xcassets in Resources */,
				C4BE5A972C1AD59E002A3E55 /* Base in Resources */,
			);
			runOnlyForDeploymentPostprocessing = 0;
		};
/* End PBXResourcesBuildPhase section */

/* Begin PBXSourcesBuildPhase section */
		C4BE5A832C1AD59C002A3E55 /* Sources */ = {
			isa = PBXSourcesBuildPhase;
			buildActionMask = 2147483647;
			files = (
				C4BE5A8F2C1AD59C002A3E55 /* ViewController.swift in Sources */,
				C44D45DF2C1C07F900370B8F /* PuebaPlantillaViewUI.swift in Sources */,
				C44D45E02C1C07F900370B8F /* PuebaPlantillaPresenter.swift in Sources */,
				C44D45E12C1C07F900370B8F /* PuebaPlantillaRouter.swift in Sources */,
				C44D45E22C1C07F900370B8F /* PuebaPlantillaProtocols.swift in Sources */,
				C44D45E32C1C07F900370B8F /* PuebaPlantillaMain.swift in Sources */,
				C44D45E42C1C07F900370B8F /* PuebaPlantillaInteractor.swift in Sources */,
				C44D45E52C1C07F900370B8F /* PuebaPlantillaView.swift in Sources */,
				C44D45E62C1C07F900370B8F /* PuebaPlantillaEntity.swift in Sources */,
				C4BE5A8B2C1AD59C002A3E55 /* AppDelegate.swift in Sources */,
				C44D45F12C1F7CEE00370B8F /* SavedDataViewViewUI.swift in Sources */,
				C44D45F22C1F7CEE00370B8F /* SavedDataViewPresenter.swift in Sources */,
				C44D45F32C1F7CEE00370B8F /* SavedDataViewRouter.swift in Sources */,
				C44D45F42C1F7CEE00370B8F /* SavedDataViewProtocols.swift in Sources */,
				C44D45F52C1F7CEE00370B8F /* SavedDataViewMain.swift in Sources */,
				C44D45F62C1F7CEE00370B8F /* SavedDataViewInteractor.swift in Sources */,
				C44D45F72C1F7CEE00370B8F /* SavedDataViewView.swift in Sources */,
				C44D45F82C1F7CEE00370B8F /* SavedDataViewEntity.swift in Sources */,
			);
			runOnlyForDeploymentPostprocessing = 0;
		};
/* End PBXSourcesBuildPhase section */

/* Begin PBXVariantGroup section */
		C4BE5A952C1AD59E002A3E55 /* LaunchScreen.storyboard */ = {
			isa = PBXVariantGroup;
			children = (
				C4BE5A962C1AD59E002A3E55 /* Base */,
			);
			name = LaunchScreen.storyboard;
			sourceTree = "<group>";
		};
/* End PBXVariantGroup section */

/* Begin XCBuildConfiguration section */
		C4BE5A992C1AD59E002A3E55 /* Debug */ = {
			isa = XCBuildConfiguration;
			buildSettings = {
				ALWAYS_SEARCH_USER_PATHS = NO;
				ASSETCATALOG_COMPILER_GENERATE_SWIFT_ASSET_SYMBOL_EXTENSIONS = YES;
				CLANG_ANALYZER_NONNULL = YES;
				CLANG_ANALYZER_NUMBER_OBJECT_CONVERSION = YES_AGGRESSIVE;
				CLANG_CXX_LANGUAGE_STANDARD = "gnu++20";
				CLANG_ENABLE_MODULES = YES;
				CLANG_ENABLE_OBJC_ARC = YES;
				CLANG_ENABLE_OBJC_WEAK = YES;
				CLANG_WARN_BLOCK_CAPTURE_AUTORELEASING = YES;
				CLANG_WARN_BOOL_CONVERSION = YES;
				CLANG_WARN_COMMA = YES;
				CLANG_WARN_CONSTANT_CONVERSION = YES;
				CLANG_WARN_DEPRECATED_OBJC_IMPLEMENTATIONS = YES;
				CLANG_WARN_DIRECT_OBJC_ISA_USAGE = YES_ERROR;
				CLANG_WARN_DOCUMENTATION_COMMENTS = YES;
				CLANG_WARN_EMPTY_BODY = YES;
				CLANG_WARN_ENUM_CONVERSION = YES;
				CLANG_WARN_INFINITE_RECURSION = YES;
				CLANG_WARN_INT_CONVERSION = YES;
				CLANG_WARN_NON_LITERAL_NULL_CONVERSION = YES;
				CLANG_WARN_OBJC_IMPLICIT_RETAIN_SELF = YES;
				CLANG_WARN_OBJC_LITERAL_CONVERSION = YES;
				CLANG_WARN_OBJC_ROOT_CLASS = YES_ERROR;
				CLANG_WARN_QUOTED_INCLUDE_IN_FRAMEWORK_HEADER = YES;
				CLANG_WARN_RANGE_LOOP_ANALYSIS = YES;
				CLANG_WARN_STRICT_PROTOTYPES = YES;
				CLANG_WARN_SUSPICIOUS_MOVE = YES;
				CLANG_WARN_UNGUARDED_AVAILABILITY = YES_AGGRESSIVE;
				CLANG_WARN_UNREACHABLE_CODE = YES;
				CLANG_WARN__DUPLICATE_METHOD_MATCH = YES;
				COPY_PHASE_STRIP = NO;
				DEBUG_INFORMATION_FORMAT = dwarf;
				ENABLE_STRICT_OBJC_MSGSEND = YES;
				ENABLE_TESTABILITY = YES;
				ENABLE_USER_SCRIPT_SANDBOXING = YES;
				GCC_C_LANGUAGE_STANDARD = gnu17;
				GCC_DYNAMIC_NO_PIC = NO;
				GCC_NO_COMMON_BLOCKS = YES;
				GCC_OPTIMIZATION_LEVEL = 0;
				GCC_PREPROCESSOR_DEFINITIONS = (
					"DEBUG=1",
					"$(inherited)",
				);
				GCC_WARN_64_TO_32_BIT_CONVERSION = YES;
				GCC_WARN_ABOUT_RETURN_TYPE = YES_ERROR;
				GCC_WARN_UNDECLARED_SELECTOR = YES;
				GCC_WARN_UNINITIALIZED_AUTOS = YES_AGGRESSIVE;
				GCC_WARN_UNUSED_FUNCTION = YES;
				GCC_WARN_UNUSED_VARIABLE = YES;
				IPHONEOS_DEPLOYMENT_TARGET = 17.5;
				LOCALIZATION_PREFERS_STRING_CATALOGS = YES;
				MTL_ENABLE_DEBUG_INFO = INCLUDE_SOURCE;
				MTL_FAST_MATH = YES;
				ONLY_ACTIVE_ARCH = YES;
				SDKROOT = iphoneos;
				SWIFT_ACTIVE_COMPILATION_CONDITIONS = "DEBUG $(inherited)";
				SWIFT_OPTIMIZATION_LEVEL = "-Onone";
			};
			name = Debug;
		};
		C4BE5A9A2C1AD59E002A3E55 /* Release */ = {
			isa = XCBuildConfiguration;
			buildSettings = {
				ALWAYS_SEARCH_USER_PATHS = NO;
				ASSETCATALOG_COMPILER_GENERATE_SWIFT_ASSET_SYMBOL_EXTENSIONS = YES;
				CLANG_ANALYZER_NONNULL = YES;
				CLANG_ANALYZER_NUMBER_OBJECT_CONVERSION = YES_AGGRESSIVE;
				CLANG_CXX_LANGUAGE_STANDARD = "gnu++20";
				CLANG_ENABLE_MODULES = YES;
				CLANG_ENABLE_OBJC_ARC = YES;
				CLANG_ENABLE_OBJC_WEAK = YES;
				CLANG_WARN_BLOCK_CAPTURE_AUTORELEASING = YES;
				CLANG_WARN_BOOL_CONVERSION = YES;
				CLANG_WARN_COMMA = YES;
				CLANG_WARN_CONSTANT_CONVERSION = YES;
				CLANG_WARN_DEPRECATED_OBJC_IMPLEMENTATIONS = YES;
				CLANG_WARN_DIRECT_OBJC_ISA_USAGE = YES_ERROR;
				CLANG_WARN_DOCUMENTATION_COMMENTS = YES;
				CLANG_WARN_EMPTY_BODY = YES;
				CLANG_WARN_ENUM_CONVERSION = YES;
				CLANG_WARN_INFINITE_RECURSION = YES;
				CLANG_WARN_INT_CONVERSION = YES;
				CLANG_WARN_NON_LITERAL_NULL_CONVERSION = YES;
				CLANG_WARN_OBJC_IMPLICIT_RETAIN_SELF = YES;
				CLANG_WARN_OBJC_LITERAL_CONVERSION = YES;
				CLANG_WARN_OBJC_ROOT_CLASS = YES_ERROR;
				CLANG_WARN_QUOTED_INCLUDE_IN_FRAMEWORK_HEADER = YES;
				CLANG_WARN_RANGE_LOOP_ANALYSIS = YES;
				CLANG_WARN_STRICT_PROTOTYPES = YES;
				CLANG_WARN_SUSPICIOUS_MOVE = YES;
				CLANG_WARN_UNGUARDED_AVAILABILITY = YES_AGGRESSIVE;
				CLANG_WARN_UNREACHABLE_CODE = YES;
				CLANG_WARN__DUPLICATE_METHOD_MATCH = YES;
				COPY_PHASE_STRIP = NO;
				DEBUG_INFORMATION_FORMAT = "dwarf-with-dsym";
				ENABLE_NS_ASSERTIONS = NO;
				ENABLE_STRICT_OBJC_MSGSEND = YES;
				ENABLE_USER_SCRIPT_SANDBOXING = YES;
				GCC_C_LANGUAGE_STANDARD = gnu17;
				GCC_NO_COMMON_BLOCKS = YES;
				GCC_WARN_64_TO_32_BIT_CONVERSION = YES;
				GCC_WARN_ABOUT_RETURN_TYPE = YES_ERROR;
				GCC_WARN_UNDECLARED_SELECTOR = YES;
				GCC_WARN_UNINITIALIZED_AUTOS = YES_AGGRESSIVE;
				GCC_WARN_UNUSED_FUNCTION = YES;
				GCC_WARN_UNUSED_VARIABLE = YES;
				IPHONEOS_DEPLOYMENT_TARGET = 17.5;
				LOCALIZATION_PREFERS_STRING_CATALOGS = YES;
				MTL_ENABLE_DEBUG_INFO = NO;
				MTL_FAST_MATH = YES;
				SDKROOT = iphoneos;
				SWIFT_COMPILATION_MODE = wholemodule;
				VALIDATE_PRODUCT = YES;
			};
			name = Release;
		};
		C4BE5A9C2C1AD59E002A3E55 /* Debug */ = {
			isa = XCBuildConfiguration;
			buildSettings = {
				ASSETCATALOG_COMPILER_APPICON_NAME = AppIcon;
				ASSETCATALOG_COMPILER_GLOBAL_ACCENT_COLOR_NAME = AccentColor;
				CODE_SIGN_STYLE = Automatic;
				CURRENT_PROJECT_VERSION = 1;
				DEVELOPMENT_TEAM = C8QTX3J2TZ;
				GENERATE_INFOPLIST_FILE = YES;
				INFOPLIST_FILE = PruebaExamen/Info.plist;
				INFOPLIST_KEY_UIApplicationSupportsIndirectInputEvents = YES;
				INFOPLIST_KEY_UILaunchStoryboardName = LaunchScreen;
				INFOPLIST_KEY_UISupportedInterfaceOrientations = UIInterfaceOrientationPortrait;
				LD_RUNPATH_SEARCH_PATHS = (
					"$(inherited)",
					"@executable_path/Frameworks",
				);
				MARKETING_VERSION = 1.0;
				PRODUCT_BUNDLE_IDENTIFIER = com.joseraul.PruebaExamen;
				PRODUCT_NAME = "$(TARGET_NAME)";
				SWIFT_EMIT_LOC_STRINGS = YES;
				SWIFT_VERSION = 5.0;
				TARGETED_DEVICE_FAMILY = "1,2";
			};
			name = Debug;
		};
		C4BE5A9D2C1AD59E002A3E55 /* Release */ = {
			isa = XCBuildConfiguration;
			buildSettings = {
				ASSETCATALOG_COMPILER_APPICON_NAME = AppIcon;
				ASSETCATALOG_COMPILER_GLOBAL_ACCENT_COLOR_NAME = AccentColor;
				CODE_SIGN_STYLE = Automatic;
				CURRENT_PROJECT_VERSION = 1;
				DEVELOPMENT_TEAM = C8QTX3J2TZ;
				GENERATE_INFOPLIST_FILE = YES;
				INFOPLIST_FILE = PruebaExamen/Info.plist;
				INFOPLIST_KEY_UIApplicationSupportsIndirectInputEvents = YES;
				INFOPLIST_KEY_UILaunchStoryboardName = LaunchScreen;
				INFOPLIST_KEY_UISupportedInterfaceOrientations = UIInterfaceOrientationPortrait;
				LD_RUNPATH_SEARCH_PATHS = (
					"$(inherited)",
					"@executable_path/Frameworks",
				);
				MARKETING_VERSION = 1.0;
				PRODUCT_BUNDLE_IDENTIFIER = com.joseraul.PruebaExamen;
				PRODUCT_NAME = "$(TARGET_NAME)";
				SWIFT_EMIT_LOC_STRINGS = YES;
				SWIFT_VERSION = 5.0;
				TARGETED_DEVICE_FAMILY = "1,2";
			};
			name = Release;
		};
/* End XCBuildConfiguration section */

/* Begin XCConfigurationList section */
		C4BE5A822C1AD59C002A3E55 /* Build configuration list for PBXProject "PruebaExamen" */ = {
			isa = XCConfigurationList;
			buildConfigurations = (
				C4BE5A992C1AD59E002A3E55 /* Debug */,
				C4BE5A9A2C1AD59E002A3E55 /* Release */,
			);
			defaultConfigurationIsVisible = 0;
			defaultConfigurationName = Release;
		};
		C4BE5A9B2C1AD59E002A3E55 /* Build configuration list for PBXNativeTarget "PruebaExamen" */ = {
			isa = XCConfigurationList;
			buildConfigurations = (
				C4BE5A9C2C1AD59E002A3E55 /* Debug */,
				C4BE5A9D2C1AD59E002A3E55 /* Release */,
			);
			defaultConfigurationIsVisible = 0;
			defaultConfigurationName = Release;
		};
/* End XCConfigurationList section */
	};
	rootObject = C4BE5A7F2C1AD59C002A3E55 /* Project object */;
}
